
Microsoft Visual Studio Solution File, Format Version 12.00
# Visual Studio Version 16
VisualStudioVersion = 16.0.31205.134
MinimumVisualStudioVersion = 10.0.40219.1
Project("{FAE04EC0-301F-11D3-BF4B-00C04F79EFBC}") = "ec", "ec.csproj", "{25F7C0F9-7703-46C3-AE56-3C264FE3C4C6}"
EndProject
Global
	GlobalSection(SolutionConfigurationPlatforms) = preSolution
		Debug|Any CPU = Debug|Any CPU
		Release|Any CPU = Release|Any CPU
	EndGlobalSection
	GlobalSection(ProjectConfigurationPlatforms) = postSolution
		{25F7C0F9-7703-46C3-AE56-3C264FE3C4C6}.Debug|Any CPU.ActiveCfg = Debug|Any CPU
		{25F7C0F9-7703-46C3-AE56-3C264FE3C4C6}.Debug|Any CPU.Build.0 = Debug|Any CPU
		{25F7C0F9-7703-46C3-AE56-3C264FE3C4C6}.Release|Any CPU.ActiveCfg = Release|Any CPU
		{25F7C0F9-7703-46C3-AE56-3C264FE3C4C6}.Release|Any CPU.Build.0 = Release|Any CPU
	EndGlobalSection
	GlobalSection(SolutionProperties) = preSolution
		HideSolutionNode = FALSE
	EndGlobalSection
	GlobalSection(ExtensibilityGlobals) = postSolution
		SolutionGuid = {48889E89-C9B5-49FB-91FB-7B4FF5C44CD8}
	EndGlobalSection
EndGlobal
